{
	"name": "@creditkarma/thrift-server-hapi",
	"version": "0.9.2",
	"lockfileVersion": 1,
	"requires": true,
	"dependencies": {
		"@creditkarma/thrift-parser": {
			"version": "1.1.4",
			"resolved": "https://artifactory.corp.creditkarma.com:8443/artifactory/api/npm/npmjs/@creditkarma/thrift-parser/-/thrift-parser-1.1.4.tgz",
			"integrity": "sha1-SSbZbEISrvjc5OrIc/arJ6pS9GQ=",
			"dev": true
		},
		"@creditkarma/thrift-typescript": {
			"version": "3.0.0",
			"resolved": "https://artifactory.corp.creditkarma.com:8443/artifactory/api/npm/npmjs/@creditkarma/thrift-typescript/-/thrift-typescript-3.0.0.tgz",
			"integrity": "sha1-rMnSjQdtMPdSfhfJl6SaDgDi8KE=",
			"dev": true,
			"requires": {
				"@creditkarma/thrift-parser": "~1.1.4",
				"glob": "^7.1.2",
				"typescript": "3.1.x"
			}
		},
		"@types/boom": {
			"version": "7.2.1",
			"resolved": "https://artifactory.corp.creditkarma.com:8443/artifactory/api/npm/npmjs/@types/boom/-/boom-7.2.1.tgz",
			"integrity": "sha1-oh4hugjMSdF7JrrvmOGnfuTWzbA=",
			"dev": true
		},
		"@types/catbox": {
			"version": "10.0.2",
			"resolved": "https://artifactory.corp.creditkarma.com:8443/artifactory/api/npm/npmjs/@types/catbox/-/catbox-10.0.2.tgz",
			"integrity": "sha1-HtjilGGTXyJJPp4eRX3gI46DbAA=",
			"dev": true
		},
		"@types/hapi": {
			"version": "17.6.2",
			"resolved": "https://artifactory.corp.creditkarma.com:8443/artifactory/api/npm/npmjs/@types/hapi/-/hapi-17.6.2.tgz",
			"integrity": "sha1-nenpj1CJdaHkwE7n5YtqrlZUU8k=",
			"dev": true,
			"requires": {
				"@types/boom": "*",
				"@types/catbox": "*",
				"@types/iron": "*",
				"@types/joi": "*",
				"@types/mimos": "*",
				"@types/node": "*",
				"@types/podium": "*",
				"@types/shot": "*"
			}
		},
		"@types/iron": {
			"version": "5.0.1",
			"resolved": "https://artifactory.corp.creditkarma.com:8443/artifactory/api/npm/npmjs/@types/iron/-/iron-5.0.1.tgz",
			"integrity": "sha1-VCC72oYjxI7lG5p4660F1zBbSyQ=",
			"dev": true,
			"requires": {
				"@types/node": "*"
			}
		},
		"@types/joi": {
			"version": "14.0.0",
			"resolved": "https://artifactory.corp.creditkarma.com:8443/artifactory/api/npm/npmjs/@types/joi/-/joi-14.0.0.tgz",
			"integrity": "sha1-eQaspoUIaPOfiI78rvKLvLurVJg=",
			"dev": true
		},
		"@types/mime-db": {
			"version": "1.27.0",
			"resolved": "https://artifactory.corp.creditkarma.com:8443/artifactory/api/npm/npmjs/@types/mime-db/-/mime-db-1.27.0.tgz",
			"integrity": "sha1-m8AUof0f30dknBpUxt15ZrgoR5I=",
			"dev": true
		},
		"@types/mimos": {
			"version": "3.0.1",
			"resolved": "https://artifactory.corp.creditkarma.com:8443/artifactory/api/npm/npmjs/@types/mimos/-/mimos-3.0.1.tgz",
			"integrity": "sha1-WdlqvhyeSH50Y/5B6NhtdrV6RBo=",
			"dev": true,
			"requires": {
				"@types/mime-db": "*"
			}
		},
		"@types/node": {
			"version": "8.10.36",
			"resolved": "https://artifactory.corp.creditkarma.com:8443/artifactory/api/npm/npmjs/@types/node/-/node-8.10.36.tgz",
			"integrity": "sha1-6sBdV2+80LTqPJEtxYwgR1wI2eQ=",
			"dev": true
		},
		"@types/podium": {
			"version": "1.0.0",
			"resolved": "https://artifactory.corp.creditkarma.com:8443/artifactory/api/npm/npmjs/@types/podium/-/podium-1.0.0.tgz",
			"integrity": "sha1-v6ohUb4rHWEJzGn3+qnawsujuyA=",
			"dev": true
		},
		"@types/shot": {
			"version": "4.0.0",
			"resolved": "https://artifactory.corp.creditkarma.com:8443/artifactory/api/npm/npmjs/@types/shot/-/shot-4.0.0.tgz",
			"integrity": "sha1-dUVQDEibZcabW8VEa6T+870mr5I=",
			"dev": true,
			"requires": {
				"@types/node": "*"
			}
		},
		"accept": {
			"version": "3.1.1",
			"resolved": "https://artifactory.corp.creditkarma.com:8443/artifactory/api/npm/npmjs/accept/-/accept-3.1.1.tgz",
			"integrity": "sha1-R5qbwS2Z+EmeqLNUtt/W/NNOzFY=",
			"dev": true,
			"requires": {
				"boom": "7.x.x",
				"hoek": "5.x.x"
			}
		},
		"ammo": {
			"version": "3.0.1",
			"resolved": "https://artifactory.corp.creditkarma.com:8443/artifactory/api/npm/npmjs/ammo/-/ammo-3.0.1.tgz",
			"integrity": "sha1-x5zurDb7TlUIXqP+DC9Cv6X3yRQ=",
			"dev": true,
			"requires": {
				"hoek": "5.x.x"
			}
		},
		"ansi-regex": {
			"version": "2.1.1",
			"resolved": "https://artifactory.corp.creditkarma.com:8443/artifactory/api/npm/npmjs/ansi-regex/-/ansi-regex-2.1.1.tgz",
			"integrity": "sha1-w7M6te42DYbg5ijwRorn7yfWVN8=",
			"dev": true
		},
		"ansi-styles": {
			"version": "2.2.1",
			"resolved": "https://artifactory.corp.creditkarma.com:8443/artifactory/api/npm/npmjs/ansi-styles/-/ansi-styles-2.2.1.tgz",
			"integrity": "sha1-tDLdM1i2NM914eRmQ2gkBTPB3b4=",
			"dev": true
		},
		"argparse": {
			"version": "1.0.10",
			"resolved": "https://artifactory.corp.creditkarma.com:8443/artifactory/api/npm/npmjs/argparse/-/argparse-1.0.10.tgz",
			"integrity": "sha1-vNZ5HqWuCXJeF+WtmIE0zUCz2RE=",
			"dev": true,
			"requires": {
				"sprintf-js": "~1.0.2"
			}
		},
		"b64": {
			"version": "4.1.0",
			"resolved": "https://artifactory.corp.creditkarma.com:8443/artifactory/api/npm/npmjs/b64/-/b64-4.1.0.tgz",
			"integrity": "sha1-apCpHER6RMVVXBgKNfMyRWhcn8c=",
			"dev": true,
			"requires": {
				"hoek": "5.x.x"
			}
		},
		"babel-code-frame": {
			"version": "6.26.0",
			"resolved": "https://artifactory.corp.creditkarma.com:8443/artifactory/api/npm/npmjs/babel-code-frame/-/babel-code-frame-6.26.0.tgz",
			"integrity": "sha1-Y/1D99weO7fONZR9uP42mj9Yx0s=",
			"dev": true,
			"requires": {
				"chalk": "^1.1.3",
				"esutils": "^2.0.2",
				"js-tokens": "^3.0.2"
			},
			"dependencies": {
				"chalk": {
					"version": "1.1.3",
					"resolved": "https://artifactory.corp.creditkarma.com:8443/artifactory/api/npm/npmjs/chalk/-/chalk-1.1.3.tgz",
					"integrity": "sha1-qBFcVeSnAv5NFQq9OHKCKn4J/Jg=",
					"dev": true,
					"requires": {
						"ansi-styles": "^2.2.1",
						"escape-string-regexp": "^1.0.2",
						"has-ansi": "^2.0.0",
						"strip-ansi": "^3.0.0",
						"supports-color": "^2.0.0"
					}
				}
			}
		},
		"balanced-match": {
			"version": "1.0.0",
			"resolved": "https://artifactory.corp.creditkarma.com:8443/artifactory/api/npm/npmjs/balanced-match/-/balanced-match-1.0.0.tgz",
			"integrity": "sha1-ibTRmasr7kneFk6gK4nORi1xt2c=",
			"dev": true
		},
		"base64-js": {
			"version": "1.3.0",
			"resolved": "https://artifactory.corp.creditkarma.com:8443/artifactory/api/npm/npmjs/base64-js/-/base64-js-1.3.0.tgz",
			"integrity": "sha1-yrHmEY8FEJXli1KBrqjBzSK/wOM="
		},
		"big-time": {
			"version": "2.0.1",
			"resolved": "https://artifactory.corp.creditkarma.com:8443/artifactory/api/npm/npmjs/big-time/-/big-time-2.0.1.tgz",
			"integrity": "sha1-aMffjcMPl+lT8lpnp2rJcTwWyd4=",
			"dev": true
		},
		"boom": {
			"version": "7.2.0",
			"resolved": "https://artifactory.corp.creditkarma.com:8443/artifactory/api/npm/npmjs/boom/-/boom-7.2.0.tgz",
			"integrity": "sha1-K/8kpVVldn/ehp7ICDF+sQxI6WY=",
			"dev": true,
			"requires": {
				"hoek": "5.x.x"
			}
		},
		"bounce": {
			"version": "1.2.0",
			"resolved": "https://artifactory.corp.creditkarma.com:8443/artifactory/api/npm/npmjs/bounce/-/bounce-1.2.0.tgz",
			"integrity": "sha1-47rGjHP9JW44CWVR78CfUEhzyMg=",
			"dev": true,
			"requires": {
				"boom": "7.x.x",
				"hoek": "5.x.x"
			}
		},
		"brace-expansion": {
			"version": "1.1.11",
			"resolved": "https://artifactory.corp.creditkarma.com:8443/artifactory/api/npm/npmjs/brace-expansion/-/brace-expansion-1.1.11.tgz",
			"integrity": "sha1-PH/L9SnYcibz0vUrlm/1Jx60Qd0=",
			"dev": true,
			"requires": {
				"balanced-match": "^1.0.0",
				"concat-map": "0.0.1"
			}
		},
		"builtin-modules": {
			"version": "1.1.1",
			"resolved": "https://artifactory.corp.creditkarma.com:8443/artifactory/api/npm/npmjs/builtin-modules/-/builtin-modules-1.1.1.tgz",
			"integrity": "sha1-Jw8HbFpywC9bZaR9+Uxf46J4iS8=",
			"dev": true
		},
		"call": {
			"version": "5.0.1",
			"resolved": "https://artifactory.corp.creditkarma.com:8443/artifactory/api/npm/npmjs/call/-/call-5.0.1.tgz",
			"integrity": "sha1-rBtcEG2e3CoXrypKT3TdTwwG6RA=",
			"dev": true,
			"requires": {
				"boom": "7.x.x",
				"hoek": "5.x.x"
			}
		},
		"catbox": {
			"version": "10.0.3",
			"resolved": "https://artifactory.corp.creditkarma.com:8443/artifactory/api/npm/npmjs/catbox/-/catbox-10.0.3.tgz",
			"integrity": "sha1-H29kNt+rMM3SP3U4d7y0r+mAQUs=",
			"dev": true,
			"requires": {
				"boom": "7.x.x",
				"hoek": "5.x.x",
				"joi": "13.x.x"
			}
		},
		"catbox-memory": {
			"version": "3.1.2",
			"resolved": "https://artifactory.corp.creditkarma.com:8443/artifactory/api/npm/npmjs/catbox-memory/-/catbox-memory-3.1.2.tgz",
			"integrity": "sha1-Su7BvJlEGcD35gCH8XKq7dm0kRw=",
			"dev": true,
			"requires": {
				"big-time": "2.x.x",
				"boom": "7.x.x",
				"hoek": "5.x.x"
			}
		},
		"chalk": {
			"version": "2.4.1",
			"resolved": "https://artifactory.corp.creditkarma.com:8443/artifactory/api/npm/npmjs/chalk/-/chalk-2.4.1.tgz",
			"integrity": "sha1-GMSasWoDe26wFSzIPjRxM4IVtm4=",
			"dev": true,
			"requires": {
				"ansi-styles": "^3.2.1",
				"escape-string-regexp": "^1.0.5",
				"supports-color": "^5.3.0"
			},
			"dependencies": {
				"ansi-styles": {
					"version": "3.2.1",
					"resolved": "https://artifactory.corp.creditkarma.com:8443/artifactory/api/npm/npmjs/ansi-styles/-/ansi-styles-3.2.1.tgz",
					"integrity": "sha1-QfuyAkPlCxK+DwS43tvwdSDOhB0=",
					"dev": true,
					"requires": {
						"color-convert": "^1.9.0"
					}
				},
				"supports-color": {
					"version": "5.5.0",
					"resolved": "https://artifactory.corp.creditkarma.com:8443/artifactory/api/npm/npmjs/supports-color/-/supports-color-5.5.0.tgz",
					"integrity": "sha1-4uaaRKyHcveKHsCzW2id9lMO/I8=",
					"dev": true,
					"requires": {
						"has-flag": "^3.0.0"
					}
				}
			}
		},
		"color-convert": {
			"version": "1.9.3",
			"resolved": "https://artifactory.corp.creditkarma.com:8443/artifactory/api/npm/npmjs/color-convert/-/color-convert-1.9.3.tgz",
			"integrity": "sha1-u3GFBpDh8TZWfeYp0tVHHe2kweg=",
			"dev": true,
			"requires": {
				"color-name": "1.1.3"
			}
		},
		"color-name": {
			"version": "1.1.3",
			"resolved": "https://artifactory.corp.creditkarma.com:8443/artifactory/api/npm/npmjs/color-name/-/color-name-1.1.3.tgz",
			"integrity": "sha1-p9BVi9icQveV3UIyj3QIMcpTvCU=",
			"dev": true
		},
		"commander": {
			"version": "2.19.0",
			"resolved": "https://artifactory.corp.creditkarma.com:8443/artifactory/api/npm/npmjs/commander/-/commander-2.19.0.tgz",
			"integrity": "sha1-9hmKqE5bg8RgVLlN3tv+1e6f8So=",
			"dev": true
		},
		"concat-map": {
			"version": "0.0.1",
			"resolved": "https://artifactory.corp.creditkarma.com:8443/artifactory/api/npm/npmjs/concat-map/-/concat-map-0.0.1.tgz",
			"integrity": "sha1-2Klr13/Wjfd5OnMDajug1UBdR3s=",
			"dev": true
		},
		"content": {
			"version": "4.0.5",
			"resolved": "https://artifactory.corp.creditkarma.com:8443/artifactory/api/npm/npmjs/content/-/content-4.0.5.tgz",
			"integrity": "sha1-vFR96ryImrabzhf681hcKfTEG/I=",
			"dev": true,
			"requires": {
				"boom": "7.x.x"
			}
		},
		"cryptiles": {
			"version": "4.1.2",
			"resolved": "https://artifactory.corp.creditkarma.com:8443/artifactory/api/npm/npmjs/cryptiles/-/cryptiles-4.1.2.tgz",
			"integrity": "sha1-NjyatchZ2p0tb7kBtk2YCWYYEYQ=",
			"dev": true,
			"requires": {
				"boom": "7.x.x"
			}
		},
		"diff": {
			"version": "3.5.0",
			"resolved": "https://artifactory.corp.creditkarma.com:8443/artifactory/api/npm/npmjs/diff/-/diff-3.5.0.tgz",
			"integrity": "sha1-gAwN0eCov7yVg1wgKtIg/jF+WhI=",
			"dev": true
		},
		"escape-string-regexp": {
			"version": "1.0.5",
			"resolved": "https://artifactory.corp.creditkarma.com:8443/artifactory/api/npm/npmjs/escape-string-regexp/-/escape-string-regexp-1.0.5.tgz",
			"integrity": "sha1-G2HAViGQqN/2rjuyzwIAyhMLhtQ=",
			"dev": true
		},
		"esprima": {
			"version": "4.0.1",
			"resolved": "https://artifactory.corp.creditkarma.com:8443/artifactory/api/npm/npmjs/esprima/-/esprima-4.0.1.tgz",
			"integrity": "sha1-E7BM2z5sXRnfkatph6hpVhmwqnE=",
			"dev": true
		},
		"esutils": {
			"version": "2.0.2",
			"resolved": "https://artifactory.corp.creditkarma.com:8443/artifactory/api/npm/npmjs/esutils/-/esutils-2.0.2.tgz",
			"integrity": "sha1-Cr9PHKpbyx96nYrMbepPqqBLrJs=",
			"dev": true
		},
		"fs.realpath": {
			"version": "1.0.0",
			"resolved": "https://artifactory.corp.creditkarma.com:8443/artifactory/api/npm/npmjs/fs.realpath/-/fs.realpath-1.0.0.tgz",
			"integrity": "sha1-FQStJSMVjKpA20onh8sBQRmU6k8=",
			"dev": true
		},
		"glob": {
			"version": "7.1.3",
			"resolved": "https://artifactory.corp.creditkarma.com:8443/artifactory/api/npm/npmjs/glob/-/glob-7.1.3.tgz",
			"integrity": "sha1-OWCDLT8VdBCDQtr9OmezMsCWnfE=",
			"dev": true,
			"requires": {
				"fs.realpath": "^1.0.0",
				"inflight": "^1.0.4",
				"inherits": "2",
				"minimatch": "^3.0.4",
				"once": "^1.3.0",
				"path-is-absolute": "^1.0.0"
			}
		},
		"hapi": {
			"version": "17.6.0",
			"resolved": "https://artifactory.corp.creditkarma.com:8443/artifactory/api/npm/npmjs/hapi/-/hapi-17.6.0.tgz",
			"integrity": "sha1-FYoidiU6jecnvmeMTa6x9zkp5Yg=",
			"dev": true,
			"requires": {
				"accept": "3.x.x",
				"ammo": "3.x.x",
				"boom": "7.x.x",
				"bounce": "1.x.x",
				"call": "5.x.x",
				"catbox": "10.x.x",
				"catbox-memory": "3.x.x",
				"heavy": "6.x.x",
				"hoek": "5.x.x",
				"joi": "13.x.x",
				"mimos": "4.x.x",
				"podium": "3.x.x",
				"shot": "4.x.x",
				"statehood": "6.x.x",
				"subtext": "6.x.x",
				"teamwork": "3.x.x",
				"topo": "3.x.x"
			}
		},
		"has-ansi": {
			"version": "2.0.0",
			"resolved": "https://artifactory.corp.creditkarma.com:8443/artifactory/api/npm/npmjs/has-ansi/-/has-ansi-2.0.0.tgz",
			"integrity": "sha1-NPUEnOHs3ysGSa8+8k5F7TVBbZE=",
			"dev": true,
			"requires": {
				"ansi-regex": "^2.0.0"
			}
		},
		"has-flag": {
			"version": "3.0.0",
			"resolved": "https://artifactory.corp.creditkarma.com:8443/artifactory/api/npm/npmjs/has-flag/-/has-flag-3.0.0.tgz",
			"integrity": "sha1-tdRU3CGZriJWmfNGfloH87lVuv0=",
			"dev": true
		},
		"heavy": {
			"version": "6.1.0",
			"resolved": "https://artifactory.corp.creditkarma.com:8443/artifactory/api/npm/npmjs/heavy/-/heavy-6.1.0.tgz",
			"integrity": "sha1-G7+kPcYd1LVD7eP/h9uDBreWcnQ=",
			"dev": true,
			"requires": {
				"boom": "7.x.x",
				"hoek": "5.x.x",
				"joi": "13.x.x"
			}
		},
		"hoek": {
			"version": "5.0.4",
			"resolved": "https://artifactory.corp.creditkarma.com:8443/artifactory/api/npm/npmjs/hoek/-/hoek-5.0.4.tgz",
			"integrity": "sha1-D3+icKHK/rNkpLLd+qM/hk5BV9o=",
			"dev": true
		},
		"inflight": {
			"version": "1.0.6",
			"resolved": "https://artifactory.corp.creditkarma.com:8443/artifactory/api/npm/npmjs/inflight/-/inflight-1.0.6.tgz",
			"integrity": "sha1-Sb1jMdfQLQwJvJEKEHW6gWW1bfk=",
			"dev": true,
			"requires": {
				"once": "^1.3.0",
				"wrappy": "1"
			}
		},
		"inherits": {
			"version": "2.0.3",
			"resolved": "https://artifactory.corp.creditkarma.com:8443/artifactory/api/npm/npmjs/inherits/-/inherits-2.0.3.tgz",
			"integrity": "sha1-Yzwsg+PaQqUC9SRmAiSA9CCCYd4=",
			"dev": true
		},
		"iron": {
			"version": "5.0.4",
			"resolved": "https://artifactory.corp.creditkarma.com:8443/artifactory/api/npm/npmjs/iron/-/iron-5.0.4.tgz",
			"integrity": "sha1-AD7YIvZW8HwrYnYoFfXeOUcyaGc=",
			"dev": true,
			"requires": {
				"boom": "7.x.x",
				"cryptiles": "4.x.x",
				"hoek": "5.x.x"
			}
		},
		"is-promise": {
			"version": "2.1.0",
			"resolved": "https://artifactory.corp.creditkarma.com:8443/artifactory/api/npm/npmjs/is-promise/-/is-promise-2.1.0.tgz",
			"integrity": "sha1-eaKp7OfwlugPNtKy87wWwf9L8/o="
		},
		"isemail": {
			"version": "3.2.0",
			"resolved": "https://artifactory.corp.creditkarma.com:8443/artifactory/api/npm/npmjs/isemail/-/isemail-3.2.0.tgz",
			"integrity": "sha1-WTEKAhkxqfsGu7UeFVzgs/I2gyw=",
			"dev": true,
			"requires": {
				"punycode": "2.x.x"
			}
		},
		"joi": {
			"version": "13.7.0",
			"resolved": "https://artifactory.corp.creditkarma.com:8443/artifactory/api/npm/npmjs/joi/-/joi-13.7.0.tgz",
			"integrity": "sha1-z9hev+Z+ihkAQyQAtNA7vZP7h58=",
			"dev": true,
			"requires": {
				"hoek": "5.x.x",
				"isemail": "3.x.x",
				"topo": "3.x.x"
			}
		},
		"js-tokens": {
			"version": "3.0.2",
			"resolved": "https://artifactory.corp.creditkarma.com:8443/artifactory/api/npm/npmjs/js-tokens/-/js-tokens-3.0.2.tgz",
			"integrity": "sha1-mGbfOVECEw449/mWvOtlRDIJwls=",
			"dev": true
		},
		"js-yaml": {
			"version": "3.12.0",
			"resolved": "https://artifactory.corp.creditkarma.com:8443/artifactory/api/npm/npmjs/js-yaml/-/js-yaml-3.12.0.tgz",
			"integrity": "sha1-6u1lbsg0TxD1J8a/obbiJE3hZ9E=",
			"dev": true,
			"requires": {
				"argparse": "^1.0.7",
				"esprima": "^4.0.0"
			}
		},
		"mime-db": {
			"version": "1.37.0",
			"resolved": "https://artifactory.corp.creditkarma.com:8443/artifactory/api/npm/npmjs/mime-db/-/mime-db-1.37.0.tgz",
			"integrity": "sha1-C2oM5v2+lXbiXx8tL96IMNwK0Ng=",
			"dev": true
		},
		"mimos": {
			"version": "4.0.0",
			"resolved": "https://artifactory.corp.creditkarma.com:8443/artifactory/api/npm/npmjs/mimos/-/mimos-4.0.0.tgz",
			"integrity": "sha1-duPScShDHLZIL9FbIEdXGa1ialo=",
			"dev": true,
			"requires": {
				"hoek": "5.x.x",
				"mime-db": "1.x.x"
			}
		},
		"minimatch": {
			"version": "3.0.4",
			"resolved": "https://artifactory.corp.creditkarma.com:8443/artifactory/api/npm/npmjs/minimatch/-/minimatch-3.0.4.tgz",
			"integrity": "sha1-UWbihkV/AzBgZL5Ul+jbsMPTIIM=",
			"dev": true,
			"requires": {
				"brace-expansion": "^1.1.7"
			}
		},
		"network-address": {
			"version": "1.1.2",
			"resolved": "https://artifactory.corp.creditkarma.com:8443/artifactory/api/npm/npmjs/network-address/-/network-address-1.1.2.tgz",
			"integrity": "sha1-Sqe/1D8D8LgclwKxPWqFjdsybz4="
		},
		"nigel": {
			"version": "3.0.2",
			"resolved": "https://artifactory.corp.creditkarma.com:8443/artifactory/api/npm/npmjs/nigel/-/nigel-3.0.2.tgz",
			"integrity": "sha1-UrRS2abk6F9e9crvQreaj2WqSXU=",
			"dev": true,
			"requires": {
				"hoek": "5.x.x",
				"vise": "3.x.x"
			}
		},
		"once": {
			"version": "1.4.0",
			"resolved": "https://artifactory.corp.creditkarma.com:8443/artifactory/api/npm/npmjs/once/-/once-1.4.0.tgz",
			"integrity": "sha1-WDsap3WWHUsROsF9nFC6753Xa9E=",
			"dev": true,
			"requires": {
				"wrappy": "1"
			}
		},
		"path-is-absolute": {
			"version": "1.0.1",
			"resolved": "https://artifactory.corp.creditkarma.com:8443/artifactory/api/npm/npmjs/path-is-absolute/-/path-is-absolute-1.0.1.tgz",
			"integrity": "sha1-F0uSaHNVNP+8es5r9TpanhtcX18=",
			"dev": true
		},
		"path-parse": {
			"version": "1.0.6",
			"resolved": "https://artifactory.corp.creditkarma.com:8443/artifactory/api/npm/npmjs/path-parse/-/path-parse-1.0.6.tgz",
			"integrity": "sha1-1i27VnlAXXLEc37FhgDp3c8G0kw=",
			"dev": true
		},
		"pez": {
			"version": "4.0.3",
			"resolved": "https://artifactory.corp.creditkarma.com:8443/artifactory/api/npm/npmjs/pez/-/pez-4.0.3.tgz",
			"integrity": "sha1-OrhTQDRlpUHPs134bhfOcWmmOx8=",
			"dev": true,
			"requires": {
				"b64": "4.x.x",
				"boom": "7.x.x",
				"content": "4.x.x",
				"hoek": "5.x.x",
				"nigel": "3.x.x"
			}
		},
		"podium": {
			"version": "3.1.2",
			"resolved": "https://artifactory.corp.creditkarma.com:8443/artifactory/api/npm/npmjs/podium/-/podium-3.1.2.tgz",
			"integrity": "sha1-twFClznPa93mswFa5rSNQAgXzp4=",
			"dev": true,
			"requires": {
				"hoek": "5.x.x",
				"joi": "13.x.x"
			}
		},
		"punycode": {
			"version": "2.1.1",
			"resolved": "https://artifactory.corp.creditkarma.com:8443/artifactory/api/npm/npmjs/punycode/-/punycode-2.1.1.tgz",
			"integrity": "sha1-tYsBCsQMIsVldhbI0sLALHv0eew=",
			"dev": true
		},
		"resolve": {
			"version": "1.8.1",
			"resolved": "https://artifactory.corp.creditkarma.com:8443/artifactory/api/npm/npmjs/resolve/-/resolve-1.8.1.tgz",
			"integrity": "sha1-gvHsGaQjrB+9CAsLqwa6NuhKeiY=",
			"dev": true,
			"requires": {
				"path-parse": "^1.0.5"
			}
		},
		"rimraf": {
			"version": "2.6.2",
			"resolved": "https://artifactory.corp.creditkarma.com:8443/artifactory/api/npm/npmjs/rimraf/-/rimraf-2.6.2.tgz",
			"integrity": "sha1-LtgVDSShbqhlHm1u8PR8QVjOejY=",
			"dev": true,
			"requires": {
				"glob": "^7.0.5"
			}
		},
		"semver": {
			"version": "5.6.0",
			"resolved": "https://artifactory.corp.creditkarma.com:8443/artifactory/api/npm/npmjs/semver/-/semver-5.6.0.tgz",
			"integrity": "sha1-fnQlb7qknHWqfHogXMInmcrIAAQ=",
			"dev": true
		},
		"shot": {
			"version": "4.0.5",
			"resolved": "https://artifactory.corp.creditkarma.com:8443/artifactory/api/npm/npmjs/shot/-/shot-4.0.5.tgz",
			"integrity": "sha1-x+dFXRHWD2ts08Q+FaO0McF+VWY=",
			"dev": true,
			"requires": {
				"hoek": "5.x.x",
				"joi": "13.x.x"
			}
		},
		"sprintf-js": {
			"version": "1.0.3",
			"resolved": "https://artifactory.corp.creditkarma.com:8443/artifactory/api/npm/npmjs/sprintf-js/-/sprintf-js-1.0.3.tgz",
			"integrity": "sha1-BOaSb2YolTVPPdAVIDYzuFcpfiw=",
			"dev": true
		},
		"statehood": {
			"version": "6.0.6",
			"resolved": "https://artifactory.corp.creditkarma.com:8443/artifactory/api/npm/npmjs/statehood/-/statehood-6.0.6.tgz",
			"integrity": "sha1-Db18UHdNP2GiTkKwZzCTu8gfpfA=",
			"dev": true,
			"requires": {
				"boom": "7.x.x",
				"bounce": "1.x.x",
				"cryptiles": "4.x.x",
				"hoek": "5.x.x",
				"iron": "5.x.x",
				"joi": "13.x.x"
			}
		},
		"strip-ansi": {
			"version": "3.0.1",
			"resolved": "https://artifactory.corp.creditkarma.com:8443/artifactory/api/npm/npmjs/strip-ansi/-/strip-ansi-3.0.1.tgz",
			"integrity": "sha1-ajhfuIU9lS1f8F0Oiq+UJ43GPc8=",
			"dev": true,
			"requires": {
				"ansi-regex": "^2.0.0"
			}
		},
		"subtext": {
			"version": "6.0.7",
			"resolved": "https://artifactory.corp.creditkarma.com:8443/artifactory/api/npm/npmjs/subtext/-/subtext-6.0.7.tgz",
			"integrity": "sha1-jkCmeQGnNNWYFCZlyQ45g2m4hfk=",
			"dev": true,
			"requires": {
				"boom": "7.x.x",
				"content": "4.x.x",
				"hoek": "5.x.x",
				"pez": "4.x.x",
				"wreck": "14.x.x"
			}
		},
		"supports-color": {
			"version": "2.0.0",
			"resolved": "https://artifactory.corp.creditkarma.com:8443/artifactory/api/npm/npmjs/supports-color/-/supports-color-2.0.0.tgz",
			"integrity": "sha1-U10EXOa2Nj+kARcIRimZXp3zJMc=",
			"dev": true
		},
		"teamwork": {
			"version": "3.0.1",
			"resolved": "https://artifactory.corp.creditkarma.com:8443/artifactory/api/npm/npmjs/teamwork/-/teamwork-3.0.1.tgz",
			"integrity": "sha1-/zjHFh9B+AcLeBNxbrYVQDbs4ZY=",
			"dev": true
		},
		"topo": {
			"version": "3.0.0",
			"resolved": "https://artifactory.corp.creditkarma.com:8443/artifactory/api/npm/npmjs/topo/-/topo-3.0.0.tgz",
			"integrity": "sha1-N+SMMw7+rHhFOOCs0+YspeIx/no=",
			"dev": true,
			"requires": {
				"hoek": "5.x.x"
			}
		},
		"tslib": {
			"version": "1.9.3",
			"resolved": "https://artifactory.corp.creditkarma.com:8443/artifactory/api/npm/npmjs/tslib/-/tslib-1.9.3.tgz",
			"integrity": "sha1-1+TdeSRdhUKMTX5IIqeZF5VMooY=",
			"dev": true
		},
		"tslint": {
			"version": "5.11.0",
			"resolved": "https://artifactory.corp.creditkarma.com:8443/artifactory/api/npm/npmjs/tslint/-/tslint-5.11.0.tgz",
			"integrity": "sha1-mPMMAurjzecAYgHkwzywi0hYHu0=",
			"dev": true,
			"requires": {
				"babel-code-frame": "^6.22.0",
				"builtin-modules": "^1.1.1",
				"chalk": "^2.3.0",
				"commander": "^2.12.1",
				"diff": "^3.2.0",
				"glob": "^7.1.1",
				"js-yaml": "^3.7.0",
				"minimatch": "^3.0.4",
				"resolve": "^1.3.2",
				"semver": "^5.3.0",
				"tslib": "^1.8.0",
				"tsutils": "^2.27.2"
			}
		},
		"tsutils": {
			"version": "2.29.0",
			"resolved": "https://artifactory.corp.creditkarma.com:8443/artifactory/api/npm/npmjs/tsutils/-/tsutils-2.29.0.tgz",
			"integrity": "sha1-MrSIUBRnrL7dS4VJhnOggSrKC5k=",
			"dev": true,
			"requires": {
				"tslib": "^1.8.1"
			}
		},
		"typescript": {
			"version": "3.1.5",
			"resolved": "https://artifactory.corp.creditkarma.com:8443/artifactory/api/npm/npmjs/typescript/-/typescript-3.1.5.tgz",
			"integrity": "sha1-k9i2hkN1MlqRF3NyyzcK4K46BwM=",
			"dev": true
		},
		"vise": {
			"version": "3.0.0",
			"resolved": "https://artifactory.corp.creditkarma.com:8443/artifactory/api/npm/npmjs/vise/-/vise-3.0.0.tgz",
			"integrity": "sha1-dq0UqzFmnFD7sIF7wOcv7cuzv0w=",
			"dev": true,
			"requires": {
				"hoek": "5.x.x"
			}
		},
		"wrappy": {
			"version": "1.0.2",
			"resolved": "https://artifactory.corp.creditkarma.com:8443/artifactory/api/npm/npmjs/wrappy/-/wrappy-1.0.2.tgz",
			"integrity": "sha1-tSQ9jz7BqjXxNkYFvA0QNuMKtp8=",
			"dev": true
		},
		"wreck": {
			"version": "14.1.1",
			"resolved": "https://artifactory.corp.creditkarma.com:8443/artifactory/api/npm/npmjs/wreck/-/wreck-14.1.1.tgz",
			"integrity": "sha1-icfCsocpY3pYSn8/cKqD6l9cnpE=",
			"dev": true,
			"requires": {
				"boom": "7.x.x",
				"hoek": "5.x.x"
			}
		},
		"zipkin": {
			"version": "0.14.3",
			"resolved": "https://artifactory.corp.creditkarma.com:8443/artifactory/api/npm/npmjs/zipkin/-/zipkin-0.14.3.tgz",
			"integrity": "sha1-WP+dTyKhHI2FJFX1I+djx6cM+ro=",
			"requires": {
				"base64-js": "^1.1.2",
				"is-promise": "^2.1.0",
				"network-address": "^1.1.0"
			}
		}
	}
}
