{
	"name": "@creditkarma/thrift-server-hapi",
	"version": "0.10.2",
	"lockfileVersion": 1,
	"requires": true,
	"dependencies": {
		"@creditkarma/thrift-parser": {
			"version": "1.1.4",
			"resolved": "https://artifactory.corp.creditkarma.com:8443/artifactory/api/npm/npmjs/@creditkarma/thrift-parser/-/thrift-parser-1.1.4.tgz",
			"integrity": "sha1-SSbZbEISrvjc5OrIc/arJ6pS9GQ=",
			"dev": true
		},
		"@creditkarma/thrift-typescript": {
			"version": "3.0.1",
			"resolved": "https://artifactory.corp.creditkarma.com:8443/artifactory/api/npm/npmjs/@creditkarma/thrift-typescript/-/thrift-typescript-3.0.1.tgz",
			"integrity": "sha1-uO5CAVwsmlQZ3F5q4AIWrdKwKJY=",
			"dev": true,
			"requires": {
				"@creditkarma/thrift-parser": "1.1.4",
				"glob": "7.1.3",
				"typescript": "3.1.6"
			}
		},
		"@types/boom": {
			"version": "7.2.1",
			"resolved": "https://artifactory.corp.creditkarma.com:8443/artifactory/api/npm/npmjs/@types/boom/-/boom-7.2.1.tgz",
			"integrity": "sha1-oh4hugjMSdF7JrrvmOGnfuTWzbA=",
			"dev": true
		},
		"@types/catbox": {
			"version": "10.0.2",
			"resolved": "https://artifactory.corp.creditkarma.com:8443/artifactory/api/npm/npmjs/@types/catbox/-/catbox-10.0.2.tgz",
			"integrity": "sha1-HtjilGGTXyJJPp4eRX3gI46DbAA=",
			"dev": true
		},
		"@types/hapi": {
			"version": "17.6.3",
			"resolved": "https://artifactory.corp.creditkarma.com:8443/artifactory/api/npm/npmjs/@types/hapi/-/hapi-17.6.3.tgz",
			"integrity": "sha1-8RIdWx5HMMujiz1CPLt48rmVns4=",
			"dev": true,
			"requires": {
				"@types/boom": "7.2.1",
				"@types/catbox": "10.0.2",
				"@types/iron": "5.0.1",
				"@types/joi": "14.0.0",
				"@types/mimos": "3.0.1",
				"@types/node": "8.10.38",
				"@types/podium": "1.0.0",
				"@types/shot": "4.0.0"
			}
		},
		"@types/iron": {
			"version": "5.0.1",
			"resolved": "https://artifactory.corp.creditkarma.com:8443/artifactory/api/npm/npmjs/@types/iron/-/iron-5.0.1.tgz",
			"integrity": "sha1-VCC72oYjxI7lG5p4660F1zBbSyQ=",
			"dev": true,
			"requires": {
				"@types/node": "8.10.38"
			}
		},
		"@types/joi": {
			"version": "14.0.0",
			"resolved": "https://artifactory.corp.creditkarma.com:8443/artifactory/api/npm/npmjs/@types/joi/-/joi-14.0.0.tgz",
			"integrity": "sha1-eQaspoUIaPOfiI78rvKLvLurVJg=",
			"dev": true
		},
		"@types/mime-db": {
			"version": "1.27.0",
			"resolved": "https://artifactory.corp.creditkarma.com:8443/artifactory/api/npm/npmjs/@types/mime-db/-/mime-db-1.27.0.tgz",
			"integrity": "sha1-m8AUof0f30dknBpUxt15ZrgoR5I=",
			"dev": true
		},
		"@types/mimos": {
			"version": "3.0.1",
			"resolved": "https://artifactory.corp.creditkarma.com:8443/artifactory/api/npm/npmjs/@types/mimos/-/mimos-3.0.1.tgz",
			"integrity": "sha1-WdlqvhyeSH50Y/5B6NhtdrV6RBo=",
			"dev": true,
			"requires": {
				"@types/mime-db": "1.27.0"
			}
		},
		"@types/node": {
			"version": "8.10.38",
			"resolved": "https://artifactory.corp.creditkarma.com:8443/artifactory/api/npm/npmjs/@types/node/-/node-8.10.38.tgz",
			"integrity": "sha1-4FwgGmaEkuU0tIECrKApSJj0SfY=",
			"dev": true
		},
		"@types/podium": {
			"version": "1.0.0",
			"resolved": "https://artifactory.corp.creditkarma.com:8443/artifactory/api/npm/npmjs/@types/podium/-/podium-1.0.0.tgz",
			"integrity": "sha1-v6ohUb4rHWEJzGn3+qnawsujuyA=",
			"dev": true
		},
		"@types/shot": {
			"version": "4.0.0",
			"resolved": "https://artifactory.corp.creditkarma.com:8443/artifactory/api/npm/npmjs/@types/shot/-/shot-4.0.0.tgz",
			"integrity": "sha1-dUVQDEibZcabW8VEa6T+870mr5I=",
			"dev": true,
			"requires": {
				"@types/node": "8.10.38"
			}
		},
		"ansi-regex": {
			"version": "2.1.1",
			"resolved": "https://artifactory.corp.creditkarma.com:8443/artifactory/api/npm/npmjs/ansi-regex/-/ansi-regex-2.1.1.tgz",
			"integrity": "sha1-w7M6te42DYbg5ijwRorn7yfWVN8=",
			"dev": true
		},
		"ansi-styles": {
			"version": "2.2.1",
			"resolved": "https://artifactory.corp.creditkarma.com:8443/artifactory/api/npm/npmjs/ansi-styles/-/ansi-styles-2.2.1.tgz",
			"integrity": "sha1-tDLdM1i2NM914eRmQ2gkBTPB3b4=",
			"dev": true
		},
		"argparse": {
			"version": "1.0.10",
			"resolved": "https://artifactory.corp.creditkarma.com:8443/artifactory/api/npm/npmjs/argparse/-/argparse-1.0.10.tgz",
			"integrity": "sha1-vNZ5HqWuCXJeF+WtmIE0zUCz2RE=",
			"dev": true,
			"requires": {
				"sprintf-js": "1.0.3"
			}
		},
		"babel-code-frame": {
			"version": "6.26.0",
			"resolved": "https://artifactory.corp.creditkarma.com:8443/artifactory/api/npm/npmjs/babel-code-frame/-/babel-code-frame-6.26.0.tgz",
			"integrity": "sha1-Y/1D99weO7fONZR9uP42mj9Yx0s=",
			"dev": true,
			"requires": {
				"chalk": "1.1.3",
				"esutils": "2.0.2",
				"js-tokens": "3.0.2"
			},
			"dependencies": {
				"chalk": {
					"version": "1.1.3",
					"resolved": "https://artifactory.corp.creditkarma.com:8443/artifactory/api/npm/npmjs/chalk/-/chalk-1.1.3.tgz",
					"integrity": "sha1-qBFcVeSnAv5NFQq9OHKCKn4J/Jg=",
					"dev": true,
					"requires": {
						"ansi-styles": "2.2.1",
						"escape-string-regexp": "1.0.5",
						"has-ansi": "2.0.0",
						"strip-ansi": "3.0.1",
						"supports-color": "2.0.0"
					}
				}
			}
		},
		"balanced-match": {
			"version": "1.0.0",
			"resolved": "https://artifactory.corp.creditkarma.com:8443/artifactory/api/npm/npmjs/balanced-match/-/balanced-match-1.0.0.tgz",
			"integrity": "sha1-ibTRmasr7kneFk6gK4nORi1xt2c=",
			"dev": true
		},
		"base64-js": {
			"version": "1.3.0",
			"resolved": "https://artifactory.corp.creditkarma.com:8443/artifactory/api/npm/npmjs/base64-js/-/base64-js-1.3.0.tgz",
			"integrity": "sha1-yrHmEY8FEJXli1KBrqjBzSK/wOM="
		},
		"brace-expansion": {
			"version": "1.1.11",
			"resolved": "https://artifactory.corp.creditkarma.com:8443/artifactory/api/npm/npmjs/brace-expansion/-/brace-expansion-1.1.11.tgz",
			"integrity": "sha1-PH/L9SnYcibz0vUrlm/1Jx60Qd0=",
			"dev": true,
			"requires": {
				"balanced-match": "1.0.0",
				"concat-map": "0.0.1"
			}
		},
		"builtin-modules": {
			"version": "1.1.1",
			"resolved": "https://artifactory.corp.creditkarma.com:8443/artifactory/api/npm/npmjs/builtin-modules/-/builtin-modules-1.1.1.tgz",
			"integrity": "sha1-Jw8HbFpywC9bZaR9+Uxf46J4iS8=",
			"dev": true
		},
		"chalk": {
			"version": "2.4.1",
			"resolved": "https://artifactory.corp.creditkarma.com:8443/artifactory/api/npm/npmjs/chalk/-/chalk-2.4.1.tgz",
			"integrity": "sha1-GMSasWoDe26wFSzIPjRxM4IVtm4=",
			"dev": true,
			"requires": {
				"ansi-styles": "3.2.1",
				"escape-string-regexp": "1.0.5",
				"supports-color": "5.5.0"
			},
			"dependencies": {
				"ansi-styles": {
					"version": "3.2.1",
					"resolved": "https://artifactory.corp.creditkarma.com:8443/artifactory/api/npm/npmjs/ansi-styles/-/ansi-styles-3.2.1.tgz",
					"integrity": "sha1-QfuyAkPlCxK+DwS43tvwdSDOhB0=",
					"dev": true,
					"requires": {
						"color-convert": "1.9.3"
					}
				},
				"supports-color": {
					"version": "5.5.0",
					"resolved": "https://artifactory.corp.creditkarma.com:8443/artifactory/api/npm/npmjs/supports-color/-/supports-color-5.5.0.tgz",
					"integrity": "sha1-4uaaRKyHcveKHsCzW2id9lMO/I8=",
					"dev": true,
					"requires": {
						"has-flag": "3.0.0"
					}
				}
			}
		},
		"color-convert": {
			"version": "1.9.3",
			"resolved": "https://artifactory.corp.creditkarma.com:8443/artifactory/api/npm/npmjs/color-convert/-/color-convert-1.9.3.tgz",
			"integrity": "sha1-u3GFBpDh8TZWfeYp0tVHHe2kweg=",
			"dev": true,
			"requires": {
				"color-name": "1.1.3"
			}
		},
		"color-name": {
			"version": "1.1.3",
			"resolved": "https://artifactory.corp.creditkarma.com:8443/artifactory/api/npm/npmjs/color-name/-/color-name-1.1.3.tgz",
			"integrity": "sha1-p9BVi9icQveV3UIyj3QIMcpTvCU=",
			"dev": true
		},
		"commander": {
			"version": "2.19.0",
			"resolved": "https://artifactory.corp.creditkarma.com:8443/artifactory/api/npm/npmjs/commander/-/commander-2.19.0.tgz",
			"integrity": "sha1-9hmKqE5bg8RgVLlN3tv+1e6f8So=",
			"dev": true
		},
		"concat-map": {
			"version": "0.0.1",
			"resolved": "https://artifactory.corp.creditkarma.com:8443/artifactory/api/npm/npmjs/concat-map/-/concat-map-0.0.1.tgz",
			"integrity": "sha1-2Klr13/Wjfd5OnMDajug1UBdR3s=",
			"dev": true
		},
		"diff": {
			"version": "3.5.0",
			"resolved": "https://artifactory.corp.creditkarma.com:8443/artifactory/api/npm/npmjs/diff/-/diff-3.5.0.tgz",
			"integrity": "sha1-gAwN0eCov7yVg1wgKtIg/jF+WhI=",
			"dev": true
		},
		"escape-string-regexp": {
			"version": "1.0.5",
			"resolved": "https://artifactory.corp.creditkarma.com:8443/artifactory/api/npm/npmjs/escape-string-regexp/-/escape-string-regexp-1.0.5.tgz",
			"integrity": "sha1-G2HAViGQqN/2rjuyzwIAyhMLhtQ=",
			"dev": true
		},
		"eslint-plugin-prettier": {
			"version": "2.7.0",
			"resolved": "https://artifactory.corp.creditkarma.com:8443/artifactory/api/npm/npmjs/eslint-plugin-prettier/-/eslint-plugin-prettier-2.7.0.tgz",
			"integrity": "sha1-tDEtzywdllN51/nVtfiqrcakWQQ=",
			"dev": true,
			"requires": {
				"fast-diff": "1.2.0",
				"jest-docblock": "21.2.0"
			}
		},
		"esprima": {
			"version": "4.0.1",
			"resolved": "https://artifactory.corp.creditkarma.com:8443/artifactory/api/npm/npmjs/esprima/-/esprima-4.0.1.tgz",
			"integrity": "sha1-E7BM2z5sXRnfkatph6hpVhmwqnE=",
			"dev": true
		},
		"esutils": {
			"version": "2.0.2",
			"resolved": "https://artifactory.corp.creditkarma.com:8443/artifactory/api/npm/npmjs/esutils/-/esutils-2.0.2.tgz",
			"integrity": "sha1-Cr9PHKpbyx96nYrMbepPqqBLrJs=",
			"dev": true
		},
		"fast-diff": {
			"version": "1.2.0",
			"resolved": "https://artifactory.corp.creditkarma.com:8443/artifactory/api/npm/npmjs/fast-diff/-/fast-diff-1.2.0.tgz",
			"integrity": "sha1-c+4RmC2Gyq95WYKNUZz+kn+sXwM=",
			"dev": true
		},
		"fs.realpath": {
			"version": "1.0.0",
			"resolved": "https://artifactory.corp.creditkarma.com:8443/artifactory/api/npm/npmjs/fs.realpath/-/fs.realpath-1.0.0.tgz",
			"integrity": "sha1-FQStJSMVjKpA20onh8sBQRmU6k8=",
			"dev": true
		},
		"glob": {
			"version": "7.1.3",
			"resolved": "https://artifactory.corp.creditkarma.com:8443/artifactory/api/npm/npmjs/glob/-/glob-7.1.3.tgz",
			"integrity": "sha1-OWCDLT8VdBCDQtr9OmezMsCWnfE=",
			"dev": true,
			"requires": {
				"fs.realpath": "1.0.0",
				"inflight": "1.0.6",
				"inherits": "2.0.3",
				"minimatch": "3.0.4",
				"once": "1.4.0",
				"path-is-absolute": "1.0.1"
			}
		},
		"hapi": {
			"version": "17.7.0",
			"resolved": "https://artifactory.corp.creditkarma.com:8443/artifactory/api/npm/npmjs/hapi/-/hapi-17.7.0.tgz",
			"integrity": "sha1-fTNeFh/P71zH8qCqCQzPkWn5OCo=",
			"dev": true,
			"requires": {
				"accept": "3.1.3",
				"ammo": "3.0.3",
				"boom": "7.2.2",
				"bounce": "1.2.2",
				"call": "5.0.3",
				"catbox": "10.0.5",
				"catbox-memory": "3.1.4",
				"heavy": "6.1.2",
				"hoek": "6.0.1",
				"joi": "14.0.4",
				"mimos": "4.0.2",
				"podium": "3.1.5",
				"shot": "4.0.7",
				"somever": "2.0.0",
				"statehood": "6.0.8",
				"subtext": "6.0.11",
				"teamwork": "3.0.2",
				"topo": "3.0.3"
			},
			"dependencies": {
				"accept": {
					"version": "3.1.3",
					"resolved": "https://registry.npmjs.org/accept/-/accept-3.1.3.tgz",
					"integrity": "sha512-OgOEAidVEOKPup+Gv2+2wdH2AgVKI9LxsJ4hicdJ6cY0faUuZdZoi56kkXWlHp9qicN1nWQLmW5ZRGk+SBS5xg==",
					"dev": true,
					"requires": {
						"boom": "7.2.2",
						"hoek": "6.0.1"
					}
				},
				"ammo": {
					"version": "3.0.3",
					"resolved": "https://registry.npmjs.org/ammo/-/ammo-3.0.3.tgz",
					"integrity": "sha512-vo76VJ44MkUBZL/BzpGXaKzMfroF4ZR6+haRuw9p+eSWfoNaH2AxVc8xmiEPC08jhzJSeM6w7/iMUGet8b4oBQ==",
					"dev": true,
					"requires": {
						"hoek": "6.0.1"
					}
				},
				"b64": {
					"version": "4.1.2",
					"resolved": "https://registry.npmjs.org/b64/-/b64-4.1.2.tgz",
					"integrity": "sha512-+GUspBxlH3CJaxMUGUE1EBoWM6RKgWiYwUDal0qdf8m3ArnXNN1KzKVo5HOnE/FSq4HHyWf3TlHLsZI8PKQgrQ==",
					"dev": true,
					"requires": {
						"hoek": "6.0.1"
					}
				},
				"big-time": {
					"version": "2.0.1",
					"resolved": "https://registry.npmjs.org/big-time/-/big-time-2.0.1.tgz",
					"integrity": "sha512-qtwYYoocwpiAxTXC5sIpB6nH5j6ckt+n/jhD7J5OEiFHnUZEFn0Xk8STUaE5s10LdazN/87bTDMe+fSihaW7Kg==",
					"dev": true
				},
				"boom": {
					"version": "7.2.2",
					"resolved": "https://registry.npmjs.org/boom/-/boom-7.2.2.tgz",
					"integrity": "sha512-IFUbOa8PS7xqmhIjpeStwT3d09hGkNYQ6aj2iELSTxcVs2u0aKn1NzhkdUQSzsRg1FVkj3uit3I6mXQCBixw+A==",
					"dev": true,
					"requires": {
						"hoek": "6.0.1"
					}
				},
				"bounce": {
					"version": "1.2.2",
					"resolved": "https://registry.npmjs.org/bounce/-/bounce-1.2.2.tgz",
					"integrity": "sha512-1LPcXg3fkGVhjdA/P3DcR5cDktKEYtDpruJv9Nhmy36RoYaoxZfC82Zr2JmS3vysDJKqMtP0qJw3/P6iisTASg==",
					"dev": true,
					"requires": {
						"boom": "7.2.2",
						"hoek": "6.0.1"
					}
				},
				"call": {
					"version": "5.0.3",
					"resolved": "https://registry.npmjs.org/call/-/call-5.0.3.tgz",
					"integrity": "sha512-eX16KHiAYXugbFu6VifstSdwH6aMuWWb4s0qvpq1nR1b+Sf+u68jjttg8ixDBEldPqBi30bDU35OJQWKeTLKxg==",
					"dev": true,
					"requires": {
						"boom": "7.2.2",
						"hoek": "6.0.1"
					}
				},
				"catbox": {
					"version": "10.0.5",
					"resolved": "https://registry.npmjs.org/catbox/-/catbox-10.0.5.tgz",
					"integrity": "sha512-5SpI/tEP3SiLE1qkkV+/hdVW48sHVBEbzPX4jBiwl6hsZh/gkl4bqfGLkvh7mjpMK5evJ0Rm/6NRlhF/Jsy9ow==",
					"dev": true,
					"requires": {
						"boom": "7.2.2",
						"hoek": "6.0.1",
						"joi": "14.0.4"
					}
				},
				"catbox-memory": {
					"version": "3.1.4",
					"resolved": "https://registry.npmjs.org/catbox-memory/-/catbox-memory-3.1.4.tgz",
					"integrity": "sha512-1tDnll066au0HXBSDHS/YQ34MQ2omBsmnA9g/jseyq/M3m7UPrajVtPDZK/rXgikSC1dfjo9Pa+kQ1qcyG2d3g==",
					"dev": true,
					"requires": {
						"big-time": "2.0.1",
						"boom": "7.2.2",
						"hoek": "6.0.1"
					}
				},
				"content": {
					"version": "4.0.6",
					"resolved": "https://registry.npmjs.org/content/-/content-4.0.6.tgz",
					"integrity": "sha512-lR9ND3dXiMdmsE84K6l02rMdgiBVmtYWu1Vr/gfSGHcIcznBj2QxmSdUgDuNFOA+G9yrb1IIWkZ7aKtB6hDGyA==",
					"dev": true,
					"requires": {
						"boom": "7.2.2"
					}
				},
				"cryptiles": {
					"version": "4.1.3",
					"resolved": "https://registry.npmjs.org/cryptiles/-/cryptiles-4.1.3.tgz",
					"integrity": "sha512-gT9nyTMSUC1JnziQpPbxKGBbUg8VL7Zn2NB4E1cJYvuXdElHrwxrV9bmltZGDzet45zSDGyYceueke1TjynGzw==",
					"dev": true,
					"requires": {
						"boom": "7.2.2"
					}
				},
				"heavy": {
					"version": "6.1.2",
					"resolved": "https://registry.npmjs.org/heavy/-/heavy-6.1.2.tgz",
					"integrity": "sha512-cJp884bqhiebNcEHydW0g6V1MUGYOXRPw9c7MFiHQnuGxtbWuSZpsbojwb2kxb3AA1/Rfs8CNiV9MMOF8pFRDg==",
					"dev": true,
					"requires": {
						"boom": "7.2.2",
						"hoek": "6.0.1",
						"joi": "14.0.4"
					}
				},
				"hoek": {
					"version": "6.0.1",
					"resolved": "https://registry.npmjs.org/hoek/-/hoek-6.0.1.tgz",
					"integrity": "sha512-3PvUwBerLNVJiIVQdpkWF9F/M0ekgb2NPJWOhsE28RXSQPsY42YSnaJ8d1kZjcAz58TZ/Fk9Tw64xJsENFlJNw==",
					"dev": true
				},
				"iron": {
					"version": "5.0.6",
					"resolved": "https://registry.npmjs.org/iron/-/iron-5.0.6.tgz",
					"integrity": "sha512-zYUMOSkEXGBdwlV/AXF9zJC0aLuTJUKHkGeYS5I2g225M5i6SrxQyGJGhPgOR8BK1omL6N5i6TcwfsXbP8/Exw==",
					"dev": true,
					"requires": {
						"b64": "4.1.2",
						"boom": "7.2.2",
						"cryptiles": "4.1.3",
						"hoek": "6.0.1"
					}
				},
				"joi": {
					"version": "14.0.4",
					"resolved": "https://registry.npmjs.org/joi/-/joi-14.0.4.tgz",
					"integrity": "sha512-KUXRcinDUMMbtlOk7YLGHQvG73dLyf8bmgE+6sBTkdJbZpeGVGAlPXEHLiQBV7KinD/VLD5OA0EUgoTTfbRAJQ==",
					"dev": true,
					"requires": {
						"hoek": "6.0.1",
						"topo": "3.0.3"
					}
				},
				"mime-db": {
					"version": "1.37.0",
					"resolved": "https://registry.npmjs.org/mime-db/-/mime-db-1.37.0.tgz",
					"integrity": "sha512-R3C4db6bgQhlIhPU48fUtdVmKnflq+hRdad7IyKhtFj06VPNVdk2RhiYL3UjQIlso8L+YxAtFkobT0VK+S/ybg==",
					"dev": true
				},
				"mimos": {
					"version": "4.0.2",
					"resolved": "https://registry.npmjs.org/mimos/-/mimos-4.0.2.tgz",
					"integrity": "sha512-5XBsDqBqzSN88XPPH/TFpOalWOjHJM5Z2d3AMx/30iq+qXvYKd/8MPhqBwZDOLtoaIWInR3nLzMQcxfGK9djXA==",
					"dev": true,
					"requires": {
						"hoek": "6.0.1",
						"mime-db": "1.37.0"
					}
				},
				"nigel": {
					"version": "3.0.4",
					"resolved": "https://registry.npmjs.org/nigel/-/nigel-3.0.4.tgz",
					"integrity": "sha512-3SZCCS/duVDGxFpTROHEieC+itDo4UqL9JNUyQJv3rljudQbK6aqus5B4470OxhESPJLN93Qqxg16rH7DUjbfQ==",
					"dev": true,
					"requires": {
						"hoek": "6.0.1",
						"vise": "3.0.1"
					}
				},
				"pez": {
					"version": "4.0.5",
					"resolved": "https://registry.npmjs.org/pez/-/pez-4.0.5.tgz",
					"integrity": "sha512-HvL8uiFIlkXbx/qw4B8jKDCWzo7Pnnd65Uvanf9OOCtb20MRcb9gtTVBf9NCnhETif1/nzbDHIjAWC/sUp7LIQ==",
					"dev": true,
					"requires": {
						"b64": "4.1.2",
						"boom": "7.2.2",
						"content": "4.0.6",
						"hoek": "6.0.1",
						"nigel": "3.0.4"
					}
				},
				"podium": {
					"version": "3.1.5",
					"resolved": "https://registry.npmjs.org/podium/-/podium-3.1.5.tgz",
					"integrity": "sha512-+fAPmAj3d5fWKx5oSjQKeBIcl46/qZnGLhzyi/dJ/HzNiOpuxyX/Y4091LiVxZQ4ALdf/LCS7siV6ai5nNLlOg==",
					"dev": true,
					"requires": {
						"hoek": "6.0.1",
						"joi": "14.0.4"
					}
				},
				"shot": {
					"version": "4.0.7",
					"resolved": "https://registry.npmjs.org/shot/-/shot-4.0.7.tgz",
					"integrity": "sha512-RKaKAGKxJ11EjJl0cf2fYVSsd4KB5Cncb9J0v7w+0iIaXpxNqFWTYNDNhBX7f0XSyDrjOH9a4OWZ9Gp/ZML+ew==",
					"dev": true,
					"requires": {
						"hoek": "6.0.1",
						"joi": "14.0.4"
					}
				},
				"somever": {
					"version": "2.0.0",
					"resolved": "https://registry.npmjs.org/somever/-/somever-2.0.0.tgz",
					"integrity": "sha512-9JaIPP+HxwYGqCDqqK3tRaTqdtQHoK6Qy3IrXhIt2q5x8fs8RcfU7BMWlFTCOgFazK8p88zIv1tHQXvAwtXMyw==",
					"dev": true,
					"requires": {
						"bounce": "1.2.2",
						"hoek": "6.0.1"
					}
				},
				"statehood": {
					"version": "6.0.8",
					"resolved": "https://registry.npmjs.org/statehood/-/statehood-6.0.8.tgz",
					"integrity": "sha512-/uk2Iq5VXCAGmYnRTjez6gDfU8fROm1Um5WH2C9aNCdG7DAqD94dqZgeuqXrvVFnfDqxAtorUBLUtD9El/uJ6w==",
					"dev": true,
					"requires": {
						"boom": "7.2.2",
						"bounce": "1.2.2",
						"cryptiles": "4.1.3",
						"hoek": "6.0.1",
						"iron": "5.0.6",
						"joi": "14.0.4"
					}
				},
				"subtext": {
					"version": "6.0.11",
					"resolved": "https://registry.npmjs.org/subtext/-/subtext-6.0.11.tgz",
					"integrity": "sha512-jap1ev33dbVTBPxpIyJ5OvD9/J4oWlx1qHQ8bBnKpiwItxXt3+7tvmNZqZeTEQVTjvkReHY1ZnP/7iltNdGnOA==",
					"dev": true,
					"requires": {
						"boom": "7.2.2",
						"content": "4.0.6",
						"hoek": "6.0.1",
						"pez": "4.0.5",
						"wreck": "14.1.3"
					}
				},
				"teamwork": {
					"version": "3.0.2",
					"resolved": "https://registry.npmjs.org/teamwork/-/teamwork-3.0.2.tgz",
					"integrity": "sha512-tpG01+9Qws/oGhMBiZN3BnB32gn5QeKY84AmLxxaCJw4mNeRzhEZ6jEj/vBhKerHD7Hgq9/vOZ58pyryYSn9gA==",
					"dev": true
				},
				"topo": {
					"version": "3.0.3",
					"resolved": "https://registry.npmjs.org/topo/-/topo-3.0.3.tgz",
					"integrity": "sha512-IgpPtvD4kjrJ7CRA3ov2FhWQADwv+Tdqbsf1ZnPUSAtCJ9e1Z44MmoSGDXGk4IppoZA7jd/QRkNddlLJWlUZsQ==",
					"dev": true,
					"requires": {
						"hoek": "6.0.1"
					}
				},
				"vise": {
					"version": "3.0.1",
					"resolved": "https://registry.npmjs.org/vise/-/vise-3.0.1.tgz",
					"integrity": "sha512-7BJNjsv2o83+E6AHAFSnjQF324UTgypsR/Sw/iFmLvr7RgJrEXF1xNBvb5LJfi+1FvWQXjJK4X41WMuHMeunPQ==",
					"dev": true,
					"requires": {
						"hoek": "6.0.1"
					}
				},
				"wreck": {
					"version": "14.1.3",
					"resolved": "https://registry.npmjs.org/wreck/-/wreck-14.1.3.tgz",
					"integrity": "sha512-hb/BUtjX3ObbwO3slCOLCenQ4EP8e+n8j6FmTne3VhEFp5XV1faSJojiyxVSvw34vgdeTG5baLTl4NmjwokLlw==",
					"dev": true,
					"requires": {
						"boom": "7.2.2",
						"hoek": "6.0.1"
					}
				}
			}
		},
		"has-ansi": {
			"version": "2.0.0",
			"resolved": "https://artifactory.corp.creditkarma.com:8443/artifactory/api/npm/npmjs/has-ansi/-/has-ansi-2.0.0.tgz",
			"integrity": "sha1-NPUEnOHs3ysGSa8+8k5F7TVBbZE=",
			"dev": true,
			"requires": {
				"ansi-regex": "2.1.1"
			}
		},
		"has-flag": {
			"version": "3.0.0",
			"resolved": "https://artifactory.corp.creditkarma.com:8443/artifactory/api/npm/npmjs/has-flag/-/has-flag-3.0.0.tgz",
			"integrity": "sha1-tdRU3CGZriJWmfNGfloH87lVuv0=",
			"dev": true
		},
		"inflight": {
			"version": "1.0.6",
			"resolved": "https://artifactory.corp.creditkarma.com:8443/artifactory/api/npm/npmjs/inflight/-/inflight-1.0.6.tgz",
			"integrity": "sha1-Sb1jMdfQLQwJvJEKEHW6gWW1bfk=",
			"dev": true,
			"requires": {
				"once": "1.4.0",
				"wrappy": "1.0.2"
			}
		},
		"inherits": {
			"version": "2.0.3",
			"resolved": "https://artifactory.corp.creditkarma.com:8443/artifactory/api/npm/npmjs/inherits/-/inherits-2.0.3.tgz",
			"integrity": "sha1-Yzwsg+PaQqUC9SRmAiSA9CCCYd4=",
			"dev": true
		},
		"is-promise": {
			"version": "2.1.0",
			"resolved": "https://artifactory.corp.creditkarma.com:8443/artifactory/api/npm/npmjs/is-promise/-/is-promise-2.1.0.tgz",
			"integrity": "sha1-eaKp7OfwlugPNtKy87wWwf9L8/o="
		},
		"jest-docblock": {
			"version": "21.2.0",
			"resolved": "https://artifactory.corp.creditkarma.com:8443/artifactory/api/npm/npmjs/jest-docblock/-/jest-docblock-21.2.0.tgz",
			"integrity": "sha1-UVKcOzDV/RWdpgwnzu3Blfr41BQ=",
			"dev": true
		},
		"js-tokens": {
			"version": "3.0.2",
			"resolved": "https://artifactory.corp.creditkarma.com:8443/artifactory/api/npm/npmjs/js-tokens/-/js-tokens-3.0.2.tgz",
			"integrity": "sha1-mGbfOVECEw449/mWvOtlRDIJwls=",
			"dev": true
		},
		"js-yaml": {
			"version": "3.12.0",
			"resolved": "https://artifactory.corp.creditkarma.com:8443/artifactory/api/npm/npmjs/js-yaml/-/js-yaml-3.12.0.tgz",
			"integrity": "sha1-6u1lbsg0TxD1J8a/obbiJE3hZ9E=",
			"dev": true,
			"requires": {
				"argparse": "1.0.10",
				"esprima": "4.0.1"
			}
		},
		"lines-and-columns": {
			"version": "1.1.6",
			"resolved": "https://artifactory.corp.creditkarma.com:8443/artifactory/api/npm/npmjs/lines-and-columns/-/lines-and-columns-1.1.6.tgz",
			"integrity": "sha1-HADHQ7QzzQpOgHWPe2SldEDZ/wA=",
			"dev": true
		},
		"minimatch": {
			"version": "3.0.4",
			"resolved": "https://artifactory.corp.creditkarma.com:8443/artifactory/api/npm/npmjs/minimatch/-/minimatch-3.0.4.tgz",
			"integrity": "sha1-UWbihkV/AzBgZL5Ul+jbsMPTIIM=",
			"dev": true,
			"requires": {
				"brace-expansion": "1.1.11"
			}
		},
		"network-address": {
			"version": "1.1.2",
			"resolved": "https://artifactory.corp.creditkarma.com:8443/artifactory/api/npm/npmjs/network-address/-/network-address-1.1.2.tgz",
			"integrity": "sha1-Sqe/1D8D8LgclwKxPWqFjdsybz4="
		},
		"once": {
			"version": "1.4.0",
			"resolved": "https://artifactory.corp.creditkarma.com:8443/artifactory/api/npm/npmjs/once/-/once-1.4.0.tgz",
			"integrity": "sha1-WDsap3WWHUsROsF9nFC6753Xa9E=",
			"dev": true,
			"requires": {
				"wrappy": "1.0.2"
			}
		},
		"path-is-absolute": {
			"version": "1.0.1",
			"resolved": "https://artifactory.corp.creditkarma.com:8443/artifactory/api/npm/npmjs/path-is-absolute/-/path-is-absolute-1.0.1.tgz",
			"integrity": "sha1-F0uSaHNVNP+8es5r9TpanhtcX18=",
			"dev": true
		},
		"path-parse": {
			"version": "1.0.6",
			"resolved": "https://artifactory.corp.creditkarma.com:8443/artifactory/api/npm/npmjs/path-parse/-/path-parse-1.0.6.tgz",
			"integrity": "sha1-1i27VnlAXXLEc37FhgDp3c8G0kw=",
			"dev": true
		},
		"prettier": {
			"version": "1.15.2",
			"resolved": "https://artifactory.corp.creditkarma.com:8443/artifactory/api/npm/npmjs/prettier/-/prettier-1.15.2.tgz",
			"integrity": "sha1-0xq+Iq+kNR76FMf4uUtYu3RSIF4=",
			"dev": true
		},
		"resolve": {
			"version": "1.8.1",
			"resolved": "https://artifactory.corp.creditkarma.com:8443/artifactory/api/npm/npmjs/resolve/-/resolve-1.8.1.tgz",
			"integrity": "sha1-gvHsGaQjrB+9CAsLqwa6NuhKeiY=",
			"dev": true,
			"requires": {
				"path-parse": "1.0.6"
			}
		},
		"rimraf": {
			"version": "2.6.2",
			"resolved": "https://artifactory.corp.creditkarma.com:8443/artifactory/api/npm/npmjs/rimraf/-/rimraf-2.6.2.tgz",
			"integrity": "sha1-LtgVDSShbqhlHm1u8PR8QVjOejY=",
			"dev": true,
			"requires": {
				"glob": "7.1.3"
			}
		},
		"semver": {
			"version": "5.6.0",
			"resolved": "https://artifactory.corp.creditkarma.com:8443/artifactory/api/npm/npmjs/semver/-/semver-5.6.0.tgz",
			"integrity": "sha1-fnQlb7qknHWqfHogXMInmcrIAAQ=",
			"dev": true
		},
		"sprintf-js": {
			"version": "1.0.3",
			"resolved": "https://artifactory.corp.creditkarma.com:8443/artifactory/api/npm/npmjs/sprintf-js/-/sprintf-js-1.0.3.tgz",
			"integrity": "sha1-BOaSb2YolTVPPdAVIDYzuFcpfiw=",
			"dev": true
		},
		"strip-ansi": {
			"version": "3.0.1",
			"resolved": "https://artifactory.corp.creditkarma.com:8443/artifactory/api/npm/npmjs/strip-ansi/-/strip-ansi-3.0.1.tgz",
			"integrity": "sha1-ajhfuIU9lS1f8F0Oiq+UJ43GPc8=",
			"dev": true,
			"requires": {
				"ansi-regex": "2.1.1"
			}
		},
		"supports-color": {
			"version": "2.0.0",
			"resolved": "https://artifactory.corp.creditkarma.com:8443/artifactory/api/npm/npmjs/supports-color/-/supports-color-2.0.0.tgz",
			"integrity": "sha1-U10EXOa2Nj+kARcIRimZXp3zJMc=",
			"dev": true
		},
		"tslib": {
			"version": "1.9.3",
			"resolved": "https://artifactory.corp.creditkarma.com:8443/artifactory/api/npm/npmjs/tslib/-/tslib-1.9.3.tgz",
			"integrity": "sha1-1+TdeSRdhUKMTX5IIqeZF5VMooY=",
			"dev": true
		},
		"tslint": {
			"version": "5.11.0",
			"resolved": "https://artifactory.corp.creditkarma.com:8443/artifactory/api/npm/npmjs/tslint/-/tslint-5.11.0.tgz",
			"integrity": "sha1-mPMMAurjzecAYgHkwzywi0hYHu0=",
			"dev": true,
			"requires": {
				"babel-code-frame": "6.26.0",
				"builtin-modules": "1.1.1",
				"chalk": "2.4.1",
				"commander": "2.19.0",
				"diff": "3.5.0",
				"glob": "7.1.3",
				"js-yaml": "3.12.0",
				"minimatch": "3.0.4",
				"resolve": "1.8.1",
				"semver": "5.6.0",
				"tslib": "1.9.3",
				"tsutils": "2.29.0"
			}
		},
		"tslint-config-prettier": {
			"version": "1.16.0",
			"resolved": "https://artifactory.corp.creditkarma.com:8443/artifactory/api/npm/npmjs/tslint-config-prettier/-/tslint-config-prettier-1.16.0.tgz",
			"integrity": "sha1-RifQ4mOVVNiSEOSACTw4G1GGlj8=",
			"dev": true
		},
		"tslint-plugin-prettier": {
			"version": "2.0.1",
			"resolved": "https://artifactory.corp.creditkarma.com:8443/artifactory/api/npm/npmjs/tslint-plugin-prettier/-/tslint-plugin-prettier-2.0.1.tgz",
			"integrity": "sha1-lbajt2ZiL/xEN1gl13YCJcUMNoA=",
			"dev": true,
			"requires": {
				"eslint-plugin-prettier": "2.7.0",
				"lines-and-columns": "1.1.6",
				"tslib": "1.9.3"
			}
		},
		"tsutils": {
			"version": "2.29.0",
			"resolved": "https://artifactory.corp.creditkarma.com:8443/artifactory/api/npm/npmjs/tsutils/-/tsutils-2.29.0.tgz",
			"integrity": "sha1-MrSIUBRnrL7dS4VJhnOggSrKC5k=",
			"dev": true,
			"requires": {
				"tslib": "1.9.3"
			}
		},
		"typescript": {
			"version": "3.1.6",
			"resolved": "https://artifactory.corp.creditkarma.com:8443/artifactory/api/npm/npmjs/typescript/-/typescript-3.1.6.tgz",
			"integrity": "sha1-tlQ6g8/Iwr77P0yPumiW9bDJvmg=",
			"dev": true
		},
		"wrappy": {
			"version": "1.0.2",
			"resolved": "https://artifactory.corp.creditkarma.com:8443/artifactory/api/npm/npmjs/wrappy/-/wrappy-1.0.2.tgz",
			"integrity": "sha1-tSQ9jz7BqjXxNkYFvA0QNuMKtp8=",
			"dev": true
		},
		"zipkin": {
			"version": "0.14.3",
			"resolved": "https://artifactory.corp.creditkarma.com:8443/artifactory/api/npm/npmjs/zipkin/-/zipkin-0.14.3.tgz",
			"integrity": "sha1-WP+dTyKhHI2FJFX1I+djx6cM+ro=",
			"requires": {
				"base64-js": "1.3.0",
				"is-promise": "2.1.0",
				"network-address": "1.1.2"
			}
		}
	}
}
