{
	"name": "@creditkarma/thrift-integration",
	"version": "0.9.1",
	"lockfileVersion": 1,
	"requires": true,
	"dependencies": {
		"@types/hapi": {
			"version": "17.6.2",
			"resolved": "https://registry.npmjs.org/@types/hapi/-/hapi-17.6.2.tgz",
			"integrity": "sha512-dRratHV2m74/WwLTa/v/wnHaFWzLhww9/DjrzzgAEhM3cKB2//O9jGsPjavIPthEnL4fPH8Ub5d5jr5qklManQ==",
			"dev": true,
			"requires": {
				"@types/boom": "7.2.1",
				"@types/catbox": "10.0.2",
				"@types/iron": "5.0.1",
				"@types/joi": "13.6.2",
				"@types/mimos": "3.0.1",
				"@types/node": "10.12.1",
				"@types/podium": "1.0.0",
				"@types/shot": "4.0.0"
			},
			"dependencies": {
				"@types/boom": {
					"version": "7.2.1",
					"resolved": "https://registry.npmjs.org/@types/boom/-/boom-7.2.1.tgz",
					"integrity": "sha512-kOiap+kSa4DPoookJXQGQyKy1rjZ55tgfKAh9F0m1NUdukkcwVzpSnXPMH42a5L+U++ugdQlh/xFJu/WAdr1aw==",
					"dev": true
				},
				"@types/catbox": {
					"version": "10.0.2",
					"resolved": "https://registry.npmjs.org/@types/catbox/-/catbox-10.0.2.tgz",
					"integrity": "sha512-U3fxXROISHoV5Pyne6TOLnBu5B1jjhM8AV7+weXwE3H733GIwG0YoJkd4R4oi/xDcZ0RvDm8m/BMt5dqa1JK4g==",
					"dev": true
				},
				"@types/iron": {
					"version": "5.0.1",
					"resolved": "https://registry.npmjs.org/@types/iron/-/iron-5.0.1.tgz",
					"integrity": "sha512-Ng5BkVGPt7Tw9k1OJ6qYwuD9+dmnWgActmsnnrdvs4075N8V2go1f6Pz8omG3q5rbHjXN6yzzZDYo3JOgAE/Ug==",
					"dev": true,
					"requires": {
						"@types/node": "10.12.1"
					}
				},
				"@types/joi": {
					"version": "13.6.2",
					"resolved": "https://registry.npmjs.org/@types/joi/-/joi-13.6.2.tgz",
					"integrity": "sha512-kSN/T4PaYvgwOdi05+FomchGj6vTJ1XeBbeVMz/yESZqfem6WZGeG0Ckog9Uz+8nao1jdmqaJlycHU7VmQRD5Q==",
					"dev": true
				},
				"@types/mime-db": {
					"version": "1.27.0",
					"resolved": "https://registry.npmjs.org/@types/mime-db/-/mime-db-1.27.0.tgz",
					"integrity": "sha1-m8AUof0f30dknBpUxt15ZrgoR5I=",
					"dev": true
				},
				"@types/mimos": {
					"version": "3.0.1",
					"resolved": "https://registry.npmjs.org/@types/mimos/-/mimos-3.0.1.tgz",
					"integrity": "sha512-MATIRH4VMIJki8lcYUZdNQEHuAG7iQ1FWwoLgxV+4fUOly2xZYdhHtGgvQyWiTeJqq2tZbE0nOOgZD6pR0FpNQ==",
					"dev": true,
					"requires": {
						"@types/mime-db": "1.27.0"
					}
				},
				"@types/node": {
					"version": "10.12.1",
					"resolved": "https://registry.npmjs.org/@types/node/-/node-10.12.1.tgz",
					"integrity": "sha512-i1sl+WCX2OCHeUi9oi7PiCNUtYFrpWhpcx878vpeq/tlZTKzcFdHePlyFHVbWqeuKN0SRPl/9ZFDSTsfv9h7VQ==",
					"dev": true
				},
				"@types/podium": {
					"version": "1.0.0",
					"resolved": "https://registry.npmjs.org/@types/podium/-/podium-1.0.0.tgz",
					"integrity": "sha1-v6ohUb4rHWEJzGn3+qnawsujuyA=",
					"dev": true
				},
				"@types/shot": {
					"version": "4.0.0",
					"resolved": "https://registry.npmjs.org/@types/shot/-/shot-4.0.0.tgz",
					"integrity": "sha512-Xv+n8yfccuicMlwBY58K5PVVNtXRm7uDzcwwmCarBxMP+XxGfnh1BI06YiVAsPbTAzcnYsrzpoS5QHeyV7LS8A==",
					"dev": true,
					"requires": {
						"@types/node": "10.12.1"
					}
				}
			}
		}
	}
}
