{
	"name": "@creditkarma/thrift-server-express",
	"version": "0.9.0-alpha.9",
	"lockfileVersion": 1,
	"requires": true,
	"dependencies": {
		"typescript": {
			"version": "3.1.2",
			"resolved": "https://registry.npmjs.org/typescript/-/typescript-3.1.2.tgz",
			"integrity": "sha512-gOoGJWbNnFAfP9FlrSV63LYD5DJqYJHG5ky1kOXSl3pCImn4rqWy/flyq1BRd4iChQsoCqjbQaqtmXO4yCVPCA==",
			"dev": true
		}
	}
}
